// !$*UTF8*$!
{
	archiveVersion = 1;
	classes = {
	};
	objectVersion = 46;
	objects = {

/* Begin PBXBuildFile section */
		D45B1ED71E3B5025004D927E /* AppDelegate.swift in Sources */ = {isa = PBXBuildFile; fileRef = D45B1ED61E3B5025004D927E /* AppDelegate.swift */; };
		D45B1ED91E3B5025004D927E /* ViewController.swift in Sources */ = {isa = PBXBuildFile; fileRef = D45B1ED81E3B5025004D927E /* ViewController.swift */; };
		D45B1EDC1E3B5025004D927E /* Main.storyboard in Resources */ = {isa = PBXBuildFile; fileRef = D45B1EDA1E3B5025004D927E /* Main.storyboard */; };
		D45B1EDE1E3B5025004D927E /* Assets.xcassets in Resources */ = {isa = PBXBuildFile; fileRef = D45B1EDD1E3B5025004D927E /* Assets.xcassets */; };
		D45B1EE11E3B5025004D927E /* LaunchScreen.storyboard in Resources */ = {isa = PBXBuildFile; fileRef = D45B1EDF1E3B5025004D927E /* LaunchScreen.storyboard */; };
		D45B1EEC1E3B5026004D927E /* IoTSeatProjTests.swift in Sources */ = {isa = PBXBuildFile; fileRef = D45B1EEB1E3B5026004D927E /* IoTSeatProjTests.swift */; };
		D45B1EF71E3B5026004D927E /* IoTSeatProjUITests.swift in Sources */ = {isa = PBXBuildFile; fileRef = D45B1EF61E3B5026004D927E /* IoTSeatProjUITests.swift */; };
/* End PBXBuildFile section */

/* Begin PBXContainerItemProxy section */
		D45B1EE81E3B5026004D927E /* PBXContainerItemProxy */ = {
			isa = PBXContainerItemProxy;
			containerPortal = D45B1ECB1E3B5025004D927E /* Project object */;
			proxyType = 1;
			remoteGlobalIDString = D45B1ED21E3B5025004D927E;
			remoteInfo = IoTSeatProj;
		};
		D45B1EF31E3B5026004D927E /* PBXContainerItemProxy */ = {
			isa = PBXContainerItemProxy;
			containerPortal = D45B1ECB1E3B5025004D927E /* Project object */;
			proxyType = 1;
			remoteGlobalIDString = D45B1ED21E3B5025004D927E;
			remoteInfo = IoTSeatProj;
		};
/* End PBXContainerItemProxy section */

/* Begin PBXFileReference section */
		D45B1ED31E3B5025004D927E /* IoTSeatProj.app */ = {isa = PBXFileReference; explicitFileType = wrapper.application; includeInIndex = 0; path = IoTSeatProj.app; sourceTree = BUILT_PRODUCTS_DIR; };
		D45B1ED61E3B5025004D927E /* AppDelegate.swift */ = {isa = PBXFileReference; lastKnownFileType = sourcecode.swift; path = AppDelegate.swift; sourceTree = "<group>"; };
		D45B1ED81E3B5025004D927E /* ViewController.swift */ = {isa = PBXFileReference; lastKnownFileType = sourcecode.swift; path = ViewController.swift; sourceTree = "<group>"; };
		D45B1EDB1E3B5025004D927E /* Base */ = {isa = PBXFileReference; lastKnownFileType = file.storyboard; name = Base; path = Base.lproj/Main.storyboard; sourceTree = "<group>"; };
		D45B1EDD1E3B5025004D927E /* Assets.xcassets */ = {isa = PBXFileReference; lastKnownFileType = folder.assetcatalog; path = Assets.xcassets; sourceTree = "<group>"; };
		D45B1EE01E3B5025004D927E /* Base */ = {isa = PBXFileReference; lastKnownFileType = file.storyboard; name = Base; path = Base.lproj/LaunchScreen.storyboard; sourceTree = "<group>"; };
		D45B1EE21E3B5025004D927E /* Info.plist */ = {isa = PBXFileReference; lastKnownFileType = text.plist.xml; path = Info.plist; sourceTree = "<group>"; };
		D45B1EE71E3B5026004D927E /* IoTSeatProjTests.xctest */ = {isa = PBXFileReference; explicitFileType = wrapper.cfbundle; includeInIndex = 0; path = IoTSeatProjTests.xctest; sourceTree = BUILT_PRODUCTS_DIR; };
		D45B1EEB1E3B5026004D927E /* IoTSeatProjTests.swift */ = {isa = PBXFileReference; lastKnownFileType = sourcecode.swift; path = IoTSeatProjTests.swift; sourceTree = "<group>"; };
		D45B1EED1E3B5026004D927E /* Info.plist */ = {isa = PBXFileReference; lastKnownFileType = text.plist.xml; path = Info.plist; sourceTree = "<group>"; };
		D45B1EF21E3B5026004D927E /* IoTSeatProjUITests.xctest */ = {isa = PBXFileReference; explicitFileType = wrapper.cfbundle; includeInIndex = 0; path = IoTSeatProjUITests.xctest; sourceTree = BUILT_PRODUCTS_DIR; };
		D45B1EF61E3B5026004D927E /* IoTSeatProjUITests.swift */ = {isa = PBXFileReference; lastKnownFileType = sourcecode.swift; path = IoTSeatProjUITests.swift; sourceTree = "<group>"; };
		D45B1EF81E3B5026004D927E /* Info.plist */ = {isa = PBXFileReference; lastKnownFileType = text.plist.xml; path = Info.plist; sourceTree = "<group>"; };
/* End PBXFileReference section */

/* Begin PBXFrameworksBuildPhase section */
		D45B1ED01E3B5025004D927E /* Frameworks */ = {
			isa = PBXFrameworksBuildPhase;
			buildActionMask = 2147483647;
			files = (
			);
			runOnlyForDeploymentPostprocessing = 0;
		};
		D45B1EE41E3B5026004D927E /* Frameworks */ = {
			isa = PBXFrameworksBuildPhase;
			buildActionMask = 2147483647;
			files = (
			);
			runOnlyForDeploymentPostprocessing = 0;
		};
		D45B1EEF1E3B5026004D927E /* Frameworks */ = {
			isa = PBXFrameworksBuildPhase;
			buildActionMask = 2147483647;
			files = (
			);
			runOnlyForDeploymentPostprocessing = 0;
		};
/* End PBXFrameworksBuildPhase section */

/* Begin PBXGroup section */
		D45B1ECA1E3B5025004D927E = {
			isa = PBXGroup;
			children = (
				D45B1ED51E3B5025004D927E /* IoTSeatProj */,
				D45B1EEA1E3B5026004D927E /* IoTSeatProjTests */,
				D45B1EF51E3B5026004D927E /* IoTSeatProjUITests */,
				D45B1ED41E3B5025004D927E /* Products */,
			);
			sourceTree = "<group>";
		};
		D45B1ED41E3B5025004D927E /* Products */ = {
			isa = PBXGroup;
			children = (
				D45B1ED31E3B5025004D927E /* IoTSeatProj.app */,
				D45B1EE71E3B5026004D927E /* IoTSeatProjTests.xctest */,
				D45B1EF21E3B5026004D927E /* IoTSeatProjUITests.xctest */,
			);
			name = Products;
			sourceTree = "<group>";
		};
		D45B1ED51E3B5025004D927E /* IoTSeatProj */ = {
			isa = PBXGroup;
			children = (
				D45B1ED61E3B5025004D927E /* AppDelegate.swift */,
				D45B1ED81E3B5025004D927E /* ViewController.swift */,
				D45B1EDA1E3B5025004D927E /* Main.storyboard */,
				D45B1EDD1E3B5025004D927E /* Assets.xcassets */,
				D45B1EDF1E3B5025004D927E /* LaunchScreen.storyboard */,
				D45B1EE21E3B5025004D927E /* Info.plist */,
			);
			path = IoTSeatProj;
			sourceTree = "<group>";
		};
		D45B1EEA1E3B5026004D927E /* IoTSeatProjTests */ = {
			isa = PBXGroup;
			children = (
				D45B1EEB1E3B5026004D927E /* IoTSeatProjTests.swift */,
				D45B1EED1E3B5026004D927E /* Info.plist */,
			);
			path = IoTSeatProjTests;
			sourceTree = "<group>";
		};
		D45B1EF51E3B5026004D927E /* IoTSeatProjUITests */ = {
			isa = PBXGroup;
			children = (
				D45B1EF61E3B5026004D927E /* IoTSeatProjUITests.swift */,
				D45B1EF81E3B5026004D927E /* Info.plist */,
			);
			path = IoTSeatProjUITests;
			sourceTree = "<group>";
		};
/* End PBXGroup section */

/* Begin PBXNativeTarget section */
		D45B1ED21E3B5025004D927E /* IoTSeatProj */ = {
			isa = PBXNativeTarget;
			buildConfigurationList = D45B1EFB1E3B5026004D927E /* Build configuration list for PBXNativeTarget "IoTSeatProj" */;
			buildPhases = (
				D45B1ECF1E3B5025004D927E /* Sources */,
				D45B1ED01E3B5025004D927E /* Frameworks */,
				D45B1ED11E3B5025004D927E /* Resources */,
			);
			buildRules = (
			);
			dependencies = (
			);
			name = IoTSeatProj;
			productName = IoTSeatProj;
			productReference = D45B1ED31E3B5025004D927E /* IoTSeatProj.app */;
			productType = "com.apple.product-type.application";
		};
		D45B1EE61E3B5026004D927E /* IoTSeatProjTests */ = {
			isa = PBXNativeTarget;
			buildConfigurationList = D45B1EFE1E3B5026004D927E /* Build configuration list for PBXNativeTarget "IoTSeatProjTests" */;
			buildPhases = (
				D45B1EE31E3B5026004D927E /* Sources */,
				D45B1EE41E3B5026004D927E /* Frameworks */,
				D45B1EE51E3B5026004D927E /* Resources */,
			);
			buildRules = (
			);
			dependencies = (
				D45B1EE91E3B5026004D927E /* PBXTargetDependency */,
			);
			name = IoTSeatProjTests;
			productName = IoTSeatProjTests;
			productReference = D45B1EE71E3B5026004D927E /* IoTSeatProjTests.xctest */;
			productType = "com.apple.product-type.bundle.unit-test";
		};
		D45B1EF11E3B5026004D927E /* IoTSeatProjUITests */ = {
			isa = PBXNativeTarget;
			buildConfigurationList = D45B1F011E3B5026004D927E /* Build configuration list for PBXNativeTarget "IoTSeatProjUITests" */;
			buildPhases = (
				D45B1EEE1E3B5026004D927E /* Sources */,
				D45B1EEF1E3B5026004D927E /* Frameworks */,
				D45B1EF01E3B5026004D927E /* Resources */,
			);
			buildRules = (
			);
			dependencies = (
				D45B1EF41E3B5026004D927E /* PBXTargetDependency */,
			);
			name = IoTSeatProjUITests;
			productName = IoTSeatProjUITests;
			productReference = D45B1EF21E3B5026004D927E /* IoTSeatProjUITests.xctest */;
			productType = "com.apple.product-type.bundle.ui-testing";
		};
/* End PBXNativeTarget section */

/* Begin PBXProject section */
		D45B1ECB1E3B5025004D927E /* Project object */ = {
			isa = PBXProject;
			attributes = {
				LastSwiftUpdateCheck = 0810;
				LastUpgradeCheck = 0810;
				ORGANIZATIONNAME = "Kyoko Otsuka";
				TargetAttributes = {
					D45B1ED21E3B5025004D927E = {
						CreatedOnToolsVersion = 8.1;
						ProvisioningStyle = Automatic;
					};
					D45B1EE61E3B5026004D927E = {
						CreatedOnToolsVersion = 8.1;
						ProvisioningStyle = Automatic;
						TestTargetID = D45B1ED21E3B5025004D927E;
					};
					D45B1EF11E3B5026004D927E = {
						CreatedOnToolsVersion = 8.1;
						ProvisioningStyle = Automatic;
						TestTargetID = D45B1ED21E3B5025004D927E;
					};
				};
			};
			buildConfigurationList = D45B1ECE1E3B5025004D927E /* Build configuration list for PBXProject "IoTSeatProj" */;
			compatibilityVersion = "Xcode 3.2";
			developmentRegion = English;
			hasScannedForEncodings = 0;
			knownRegions = (
				en,
				Base,
			);
			mainGroup = D45B1ECA1E3B5025004D927E;
			productRefGroup = D45B1ED41E3B5025004D927E /* Products */;
			projectDirPath = "";
			projectRoot = "";
			targets = (
				D45B1ED21E3B5025004D927E /* IoTSeatProj */,
				D45B1EE61E3B5026004D927E /* IoTSeatProjTests */,
				D45B1EF11E3B5026004D927E /* IoTSeatProjUITests */,
			);
		};
/* End PBXProject section */

/* Begin PBXResourcesBuildPhase section */
		D45B1ED11E3B5025004D927E /* Resources */ = {
			isa = PBXResourcesBuildPhase;
			buildActionMask = 2147483647;
			files = (
				D45B1EE11E3B5025004D927E /* LaunchScreen.storyboard in Resources */,
				D45B1EDE1E3B5025004D927E /* Assets.xcassets in Resources */,
				D45B1EDC1E3B5025004D927E /* Main.storyboard in Resources */,
			);
			runOnlyForDeploymentPostprocessing = 0;
		};
		D45B1EE51E3B5026004D927E /* Resources */ = {
			isa = PBXResourcesBuildPhase;
			buildActionMask = 2147483647;
			files = (
			);
			runOnlyForDeploymentPostprocessing = 0;
		};
		D45B1EF01E3B5026004D927E /* Resources */ = {
			isa = PBXResourcesBuildPhase;
			buildActionMask = 2147483647;
			files = (
			);
			runOnlyForDeploymentPostprocessing = 0;
		};
/* End PBXResourcesBuildPhase section */

/* Begin PBXSourcesBuildPhase section */
		D45B1ECF1E3B5025004D927E /* Sources */ = {
			isa = PBXSourcesBuildPhase;
			buildActionMask = 2147483647;
			files = (
				D45B1ED91E3B5025004D927E /* ViewController.swift in Sources */,
				D45B1ED71E3B5025004D927E /* AppDelegate.swift in Sources */,
			);
			runOnlyForDeploymentPostprocessing = 0;
		};
		D45B1EE31E3B5026004D927E /* Sources */ = {
			isa = PBXSourcesBuildPhase;
			buildActionMask = 2147483647;
			files = (
				D45B1EEC1E3B5026004D927E /* IoTSeatProjTests.swift in Sources */,
			);
			runOnlyForDeploymentPostprocessing = 0;
		};
		D45B1EEE1E3B5026004D927E /* Sources */ = {
			isa = PBXSourcesBuildPhase;
			buildActionMask = 2147483647;
			files = (
				D45B1EF71E3B5026004D927E /* IoTSeatProjUITests.swift in Sources */,
			);
			runOnlyForDeploymentPostprocessing = 0;
		};
/* End PBXSourcesBuildPhase section */

/* Begin PBXTargetDependency section */
		D45B1EE91E3B5026004D927E /* PBXTargetDependency */ = {
			isa = PBXTargetDependency;
			target = D45B1ED21E3B5025004D927E /* IoTSeatProj */;
			targetProxy = D45B1EE81E3B5026004D927E /* PBXContainerItemProxy */;
		};
		D45B1EF41E3B5026004D927E /* PBXTargetDependency */ = {
			isa = PBXTargetDependency;
			target = D45B1ED21E3B5025004D927E /* IoTSeatProj */;
			targetProxy = D45B1EF31E3B5026004D927E /* PBXContainerItemProxy */;
		};
/* End PBXTargetDependency section */

/* Begin PBXVariantGroup section */
		D45B1EDA1E3B5025004D927E /* Main.storyboard */ = {
			isa = PBXVariantGroup;
			children = (
				D45B1EDB1E3B5025004D927E /* Base */,
			);
			name = Main.storyboard;
			sourceTree = "<group>";
		};
		D45B1EDF1E3B5025004D927E /* LaunchScreen.storyboard */ = {
			isa = PBXVariantGroup;
			children = (
				D45B1EE01E3B5025004D927E /* Base */,
			);
			name = LaunchScreen.storyboard;
			sourceTree = "<group>";
		};
/* End PBXVariantGroup section */

/* Begin XCBuildConfiguration section */
		D45B1EF91E3B5026004D927E /* Debug */ = {
			isa = XCBuildConfiguration;
			buildSettings = {
				ALWAYS_SEARCH_USER_PATHS = NO;
				CLANG_ANALYZER_NONNULL = YES;
				CLANG_CXX_LANGUAGE_STANDARD = "gnu++0x";
				CLANG_CXX_LIBRARY = "libc++";
				CLANG_ENABLE_MODULES = YES;
				CLANG_ENABLE_OBJC_ARC = YES;
				CLANG_WARN_BOOL_CONVERSION = YES;
				CLANG_WARN_CONSTANT_CONVERSION = YES;
				CLANG_WARN_DIRECT_OBJC_ISA_USAGE = YES_ERROR;
				CLANG_WARN_DOCUMENTATION_COMMENTS = YES;
				CLANG_WARN_EMPTY_BODY = YES;
				CLANG_WARN_ENUM_CONVERSION = YES;
				CLANG_WARN_INFINITE_RECURSION = YES;
				CLANG_WARN_INT_CONVERSION = YES;
				CLANG_WARN_OBJC_ROOT_CLASS = YES_ERROR;
				CLANG_WARN_SUSPICIOUS_MOVES = YES;
				CLANG_WARN_UNREACHABLE_CODE = YES;
				CLANG_WARN__DUPLICATE_METHOD_MATCH = YES;
				"CODE_SIGN_IDENTITY[sdk=iphoneos*]" = "iPhone Developer";
				COPY_PHASE_STRIP = NO;
				DEBUG_INFORMATION_FORMAT = dwarf;
				ENABLE_STRICT_OBJC_MSGSEND = YES;
				ENABLE_TESTABILITY = YES;
				GCC_C_LANGUAGE_STANDARD = gnu99;
				GCC_DYNAMIC_NO_PIC = NO;
				GCC_NO_COMMON_BLOCKS = YES;
				GCC_OPTIMIZATION_LEVEL = 0;
				GCC_PREPROCESSOR_DEFINITIONS = (
					"DEBUG=1",
					"$(inherited)",
				);
				GCC_WARN_64_TO_32_BIT_CONVERSION = YES;
				GCC_WARN_ABOUT_RETURN_TYPE = YES_ERROR;
				GCC_WARN_UNDECLARED_SELECTOR = YES;
				GCC_WARN_UNINITIALIZED_AUTOS = YES_AGGRESSIVE;
				GCC_WARN_UNUSED_FUNCTION = YES;
				GCC_WARN_UNUSED_VARIABLE = YES;
				IPHONEOS_DEPLOYMENT_TARGET = 10.1;
				MTL_ENABLE_DEBUG_INFO = YES;
				ONLY_ACTIVE_ARCH = YES;
				SDKROOT = iphoneos;
				SWIFT_ACTIVE_COMPILATION_CONDITIONS = DEBUG;
				SWIFT_OPTIMIZATION_LEVEL = "-Onone";
				TARGETED_DEVICE_FAMILY = "1,2";
			};
			name = Debug;
		};
		D45B1EFA1E3B5026004D927E /* Release */ = {
			isa = XCBuildConfiguration;
			buildSettings = {
				ALWAYS_SEARCH_USER_PATHS = NO;
				CLANG_ANALYZER_NONNULL = YES;
				CLANG_CXX_LANGUAGE_STANDARD = "gnu++0x";
				CLANG_CXX_LIBRARY = "libc++";
				CLANG_ENABLE_MODULES = YES;
				CLANG_ENABLE_OBJC_ARC = YES;
				CLANG_WARN_BOOL_CONVERSION = YES;
				CLANG_WARN_CONSTANT_CONVERSION = YES;
				CLANG_WARN_DIRECT_OBJC_ISA_USAGE = YES_ERROR;
				CLANG_WARN_DOCUMENTATION_COMMENTS = YES;
				CLANG_WARN_EMPTY_BODY = YES;
				CLANG_WARN_ENUM_CONVERSION = YES;
				CLANG_WARN_INFINITE_RECURSION = YES;
				CLANG_WARN_INT_CONVERSION = YES;
				CLANG_WARN_OBJC_ROOT_CLASS = YES_ERROR;
				CLANG_WARN_SUSPICIOUS_MOVES = YES;
				CLANG_WARN_UNREACHABLE_CODE = YES;
				CLANG_WARN__DUPLICATE_METHOD_MATCH = YES;
				"CODE_SIGN_IDENTITY[sdk=iphoneos*]" = "iPhone Developer";
				COPY_PHASE_STRIP = NO;
				DEBUG_INFORMATION_FORMAT = "dwarf-with-dsym";
				ENABLE_NS_ASSERTIONS = NO;
				ENABLE_STRICT_OBJC_MSGSEND = YES;
				GCC_C_LANGUAGE_STANDARD = gnu99;
				GCC_NO_COMMON_BLOCKS = YES;
				GCC_WARN_64_TO_32_BIT_CONVERSION = YES;
				GCC_WARN_ABOUT_RETURN_TYPE = YES_ERROR;
				GCC_WARN_UNDECLARED_SELECTOR = YES;
				GCC_WARN_UNINITIALIZED_AUTOS = YES_AGGRESSIVE;
				GCC_WARN_UNUSED_FUNCTION = YES;
				GCC_WARN_UNUSED_VARIABLE = YES;
				IPHONEOS_DEPLOYMENT_TARGET = 10.1;
				MTL_ENABLE_DEBUG_INFO = NO;
				SDKROOT = iphoneos;
				SWIFT_OPTIMIZATION_LEVEL = "-Owholemodule";
				TARGETED_DEVICE_FAMILY = "1,2";
				VALIDATE_PRODUCT = YES;
			};
			name = Release;
		};
		D45B1EFC1E3B5026004D927E /* Debug */ = {
			isa = XCBuildConfiguration;
			buildSettings = {
				ASSETCATALOG_COMPILER_APPICON_NAME = AppIcon;
				INFOPLIST_FILE = IoTSeatProj/Info.plist;
				LD_RUNPATH_SEARCH_PATHS = "$(inherited) @executable_path/Frameworks";
				PRODUCT_BUNDLE_IDENTIFIER = jp.dcm.com.IoTSeatProj;
				PRODUCT_NAME = "$(TARGET_NAME)";
				SWIFT_VERSION = 3.0;
			};
			name = Debug;
		};
		D45B1EFD1E3B5026004D927E /* Release */ = {
			isa = XCBuildConfiguration;
			buildSettings = {
				ASSETCATALOG_COMPILER_APPICON_NAME = AppIcon;
				INFOPLIST_FILE = IoTSeatProj/Info.plist;
				LD_RUNPATH_SEARCH_PATHS = "$(inherited) @executable_path/Frameworks";
				PRODUCT_BUNDLE_IDENTIFIER = jp.dcm.com.IoTSeatProj;
				PRODUCT_NAME = "$(TARGET_NAME)";
				SWIFT_VERSION = 3.0;
			};
			name = Release;
		};
		D45B1EFF1E3B5026004D927E /* Debug */ = {
			isa = XCBuildConfiguration;
			buildSettings = {
				ALWAYS_EMBED_SWIFT_STANDARD_LIBRARIES = YES;
				BUNDLE_LOADER = "$(TEST_HOST)";
				INFOPLIST_FILE = IoTSeatProjTests/Info.plist;
				LD_RUNPATH_SEARCH_PATHS = "$(inherited) @executable_path/Frameworks @loader_path/Frameworks";
				PRODUCT_BUNDLE_IDENTIFIER = jp.dcm.com.IoTSeatProjTests;
				PRODUCT_NAME = "$(TARGET_NAME)";
				SWIFT_VERSION = 3.0;
				TEST_HOST = "$(BUILT_PRODUCTS_DIR)/IoTSeatProj.app/IoTSeatProj";
			};
			name = Debug;
		};
		D45B1F001E3B5026004D927E /* Release */ = {
			isa = XCBuildConfiguration;
			buildSettings = {
				ALWAYS_EMBED_SWIFT_STANDARD_LIBRARIES = YES;
				BUNDLE_LOADER = "$(TEST_HOST)";
				INFOPLIST_FILE = IoTSeatProjTests/Info.plist;
				LD_RUNPATH_SEARCH_PATHS = "$(inherited) @executable_path/Frameworks @loader_path/Frameworks";
				PRODUCT_BUNDLE_IDENTIFIER = jp.dcm.com.IoTSeatProjTests;
				PRODUCT_NAME = "$(TARGET_NAME)";
				SWIFT_VERSION = 3.0;
				TEST_HOST = "$(BUILT_PRODUCTS_DIR)/IoTSeatProj.app/IoTSeatProj";
			};
			name = Release;
		};
		D45B1F021E3B5026004D927E /* Debug */ = {
			isa = XCBuildConfiguration;
			buildSettings = {
				ALWAYS_EMBED_SWIFT_STANDARD_LIBRARIES = YES;
				INFOPLIST_FILE = IoTSeatProjUITests/Info.plist;
				LD_RUNPATH_SEARCH_PATHS = "$(inherited) @executable_path/Frameworks @loader_path/Frameworks";
				PRODUCT_BUNDLE_IDENTIFIER = jp.dcm.com.IoTSeatProjUITests;
				PRODUCT_NAME = "$(TARGET_NAME)";
				SWIFT_VERSION = 3.0;
				TEST_TARGET_NAME = IoTSeatProj;
			};
			name = Debug;
		};
		D45B1F031E3B5026004D927E /* Release */ = {
			isa = XCBuildConfiguration;
			buildSettings = {
				ALWAYS_EMBED_SWIFT_STANDARD_LIBRARIES = YES;
				INFOPLIST_FILE = IoTSeatProjUITests/Info.plist;
				LD_RUNPATH_SEARCH_PATHS = "$(inherited) @executable_path/Frameworks @loader_path/Frameworks";
				PRODUCT_BUNDLE_IDENTIFIER = jp.dcm.com.IoTSeatProjUITests;
				PRODUCT_NAME = "$(TARGET_NAME)";
				SWIFT_VERSION = 3.0;
				TEST_TARGET_NAME = IoTSeatProj;
			};
			name = Release;
		};
/* End XCBuildConfiguration section */

/* Begin XCConfigurationList section */
		D45B1ECE1E3B5025004D927E /* Build configuration list for PBXProject "IoTSeatProj" */ = {
			isa = XCConfigurationList;
			buildConfigurations = (
				D45B1EF91E3B5026004D927E /* Debug */,
				D45B1EFA1E3B5026004D927E /* Release */,
			);
			defaultConfigurationIsVisible = 0;
			defaultConfigurationName = Release;
		};
		D45B1EFB1E3B5026004D927E /* Build configuration list for PBXNativeTarget "IoTSeatProj" */ = {
			isa = XCConfigurationList;
			buildConfigurations = (
				D45B1EFC1E3B5026004D927E /* Debug */,
				D45B1EFD1E3B5026004D927E /* Release */,
			);
			defaultConfigurationIsVisible = 0;
		};
		D45B1EFE1E3B5026004D927E /* Build configuration list for PBXNativeTarget "IoTSeatProjTests" */ = {
			isa = XCConfigurationList;
			buildConfigurations = (
				D45B1EFF1E3B5026004D927E /* Debug */,
				D45B1F001E3B5026004D927E /* Release */,
			);
			defaultConfigurationIsVisible = 0;
		};
		D45B1F011E3B5026004D927E /* Build configuration list for PBXNativeTarget "IoTSeatProjUITests" */ = {
			isa = XCConfigurationList;
			buildConfigurations = (
				D45B1F021E3B5026004D927E /* Debug */,
				D45B1F031E3B5026004D927E /* Release */,
			);
			defaultConfigurationIsVisible = 0;
		};
/* End XCConfigurationList section */
	};
	rootObject = D45B1ECB1E3B5025004D927E /* Project object */;
}
